
Microsoft Visual Studio Solution File, Format Version 12.00
# Visual Studio Version 16
VisualStudioVersion = 16.0.28922.388
MinimumVisualStudioVersion = 10.0.40219.1
Project("{888888A0-9F3D-457C-B088-3A5042F75D52}") = "WebProject1", "WebProject1.pyproj", "{4D5F0E95-9B34-40D7-9134-A8361C631783}"
EndProject
Project("{2150E333-8FDC-42A3-9474-1A3956D46DE8}") = "Solution Items", "Solution Items", "{77C2A188-CF62-44B4-9A01-3193D4FD542E}"
	ProjectSection(SolutionItems) = preProject
		index.html = index.html
	EndProjectSection
EndProject
Global
	GlobalSection(SolutionConfigurationPlatforms) = preSolution
		Debug|Any CPU = Debug|Any CPU
		Release|Any CPU = Release|Any CPU
	EndGlobalSection
	GlobalSection(ProjectConfigurationPlatforms) = postSolution
		{4D5F0E95-9B34-40D7-9134-A8361C631783}.Debug|Any CPU.ActiveCfg = Debug|Any CPU
		{4D5F0E95-9B34-40D7-9134-A8361C631783}.Debug|Any CPU.Build.0 = Debug|Any CPU
		{4D5F0E95-9B34-40D7-9134-A8361C631783}.Release|Any CPU.ActiveCfg = Release|Any CPU
		{4D5F0E95-9B34-40D7-9134-A8361C631783}.Release|Any CPU.Build.0 = Release|Any CPU
	EndGlobalSection
	GlobalSection(SolutionProperties) = preSolution
		HideSolutionNode = FALSE
	EndGlobalSection
	GlobalSection(ExtensibilityGlobals) = postSolution
		SolutionGuid = {4C38BA63-F09C-436F-9AE0-7AE634D3FEC0}
	EndGlobalSection
EndGlobal
